# This file was generated by Aiken
# You typically do not need to edit this file

[[requirements]]
name = "aiken-lang/stdlib"
version = "1.5.0"
source = "github"

[[requirements]]
name = "logicalmechanism/assist"
version = "main"
source = "github"

[[packages]]
name = "aiken-lang/stdlib"
version = "1.5.0"
requirements = []
source = "github"

[[packages]]
name = "logicalmechanism/assist"
version = "main"
requirements = []
source = "github"

[etags]
"logicalmechanism/assist@main" = [{ secs_since_epoch = 1726411322, nanos_since_epoch = 202257886 }, "3d39aebc46f73d8b2ed4989792ceb560a7c6ee92bc3b16e6c3e2c1c9758f16f4"]
